
Microsoft Visual Studio Solution File, Format Version 12.00
# Visual Studio Version 17
VisualStudioVersion = 17.4.33213.308
MinimumVisualStudioVersion = 10.0.40219.1
Project("{FAE04EC0-301F-11D3-BF4B-00C04F79EFBC}") = "Harsha_Assessment_8_04-03-2023", "Harsha_Assessment_8_04-03-2023\Harsha_Assessment_8_04-03-2023.csproj", "{F5DC7B23-1BD0-42F6-9082-E18BA751B0D3}"
EndProject
Global
	GlobalSection(SolutionConfigurationPlatforms) = preSolution
		Debug|Any CPU = Debug|Any CPU
		Release|Any CPU = Release|Any CPU
	EndGlobalSection
	GlobalSection(ProjectConfigurationPlatforms) = postSolution
		{F5DC7B23-1BD0-42F6-9082-E18BA751B0D3}.Debug|Any CPU.ActiveCfg = Debug|Any CPU
		{F5DC7B23-1BD0-42F6-9082-E18BA751B0D3}.Debug|Any CPU.Build.0 = Debug|Any CPU
		{F5DC7B23-1BD0-42F6-9082-E18BA751B0D3}.Release|Any CPU.ActiveCfg = Release|Any CPU
		{F5DC7B23-1BD0-42F6-9082-E18BA751B0D3}.Release|Any CPU.Build.0 = Release|Any CPU
	EndGlobalSection
	GlobalSection(SolutionProperties) = preSolution
		HideSolutionNode = FALSE
	EndGlobalSection
	GlobalSection(ExtensibilityGlobals) = postSolution
		SolutionGuid = {CA0A42D3-1577-4132-BF15-31B06A63B686}
	EndGlobalSection
EndGlobal
