
Microsoft Visual Studio Solution File, Format Version 12.00
# Visual Studio Version 17
VisualStudioVersion = 17.4.33213.308
MinimumVisualStudioVersion = 10.0.40219.1
Project("{FAE04EC0-301F-11D3-BF4B-00C04F79EFBC}") = "Harsha_Assessment_11_11-03-2023", "Harsha_Assessment_11_11-03-2023\Harsha_Assessment_11_11-03-2023.csproj", "{A3E9776E-9BF8-44C3-BC56-BE55E1797993}"
EndProject
Global
	GlobalSection(SolutionConfigurationPlatforms) = preSolution
		Debug|Any CPU = Debug|Any CPU
		Release|Any CPU = Release|Any CPU
	EndGlobalSection
	GlobalSection(ProjectConfigurationPlatforms) = postSolution
		{A3E9776E-9BF8-44C3-BC56-BE55E1797993}.Debug|Any CPU.ActiveCfg = Debug|Any CPU
		{A3E9776E-9BF8-44C3-BC56-BE55E1797993}.Debug|Any CPU.Build.0 = Debug|Any CPU
		{A3E9776E-9BF8-44C3-BC56-BE55E1797993}.Release|Any CPU.ActiveCfg = Release|Any CPU
		{A3E9776E-9BF8-44C3-BC56-BE55E1797993}.Release|Any CPU.Build.0 = Release|Any CPU
	EndGlobalSection
	GlobalSection(SolutionProperties) = preSolution
		HideSolutionNode = FALSE
	EndGlobalSection
	GlobalSection(ExtensibilityGlobals) = postSolution
		SolutionGuid = {27D0CC76-9393-43FC-BB9D-66D1ADE2CBEC}
	EndGlobalSection
EndGlobal
